
Microsoft Visual Studio Solution File, Format Version 12.00
# Visual Studio Version 17
VisualStudioVersion = 17.14.36212.18 d17.14
MinimumVisualStudioVersion = 10.0.40219.1
Project("{A9E3F50B-275E-4AF7-ADCE-8BE12D41E305}") = "MyM365Agent-1", "MyM365Agent-1.atkproj", "{A3B0FA82-9611-8EF7-8B0D-13011D7F29C8}"
EndProject
Global
	GlobalSection(SolutionConfigurationPlatforms) = preSolution
		Debug|Any CPU = Debug|Any CPU
		Release|Any CPU = Release|Any CPU
	EndGlobalSection
	GlobalSection(ProjectConfigurationPlatforms) = postSolution
		{A3B0FA82-9611-8EF7-8B0D-13011D7F29C8}.Debug|Any CPU.ActiveCfg = Debug|Any CPU
		{A3B0FA82-9611-8EF7-8B0D-13011D7F29C8}.Debug|Any CPU.Build.0 = Debug|Any CPU
		{A3B0FA82-9611-8EF7-8B0D-13011D7F29C8}.Debug|Any CPU.Deploy.0 = Debug|Any CPU
		{A3B0FA82-9611-8EF7-8B0D-13011D7F29C8}.Release|Any CPU.ActiveCfg = Release|Any CPU
		{A3B0FA82-9611-8EF7-8B0D-13011D7F29C8}.Release|Any CPU.Build.0 = Release|Any CPU
		{A3B0FA82-9611-8EF7-8B0D-13011D7F29C8}.Release|Any CPU.Deploy.0 = Release|Any CPU
	EndGlobalSection
	GlobalSection(SolutionProperties) = preSolution
		HideSolutionNode = FALSE
	EndGlobalSection
	GlobalSection(ExtensibilityGlobals) = postSolution
		SolutionGuid = {97770D03-3DBF-4DDC-B4B8-2468C3DF2A83}
	EndGlobalSection
EndGlobal
